
Microsoft Visual Studio Solution File, Format Version 11.00
# Visual Studio 2010
Project("{FAE04EC0-301F-11D3-BF4B-00C04F79EFBC}") = "UP-NEW", "Assembly-CSharp.csproj", "{C05B7B05-DB82-A9E8-C847-FC03AA74201F}"
EndProject
Project("{FAE04EC0-301F-11D3-BF4B-00C04F79EFBC}") = "UP-NEW", "Assembly-CSharp-Editor.csproj", "{B8925EE8-8872-282A-04F0-CCB29693385A}"
EndProject
Global
	GlobalSection(SolutionConfigurationPlatforms) = preSolution
		Debug|Any CPU = Debug|Any CPU
		Release|Any CPU = Release|Any CPU
	EndGlobalSection
	GlobalSection(ProjectConfigurationPlatforms) = postSolution
		{C05B7B05-DB82-A9E8-C847-FC03AA74201F}.Debug|Any CPU.ActiveCfg = Debug|Any CPU
		{C05B7B05-DB82-A9E8-C847-FC03AA74201F}.Debug|Any CPU.Build.0 = Debug|Any CPU
		{C05B7B05-DB82-A9E8-C847-FC03AA74201F}.Release|Any CPU.ActiveCfg = Release|Any CPU
		{C05B7B05-DB82-A9E8-C847-FC03AA74201F}.Release|Any CPU.Build.0 = Release|Any CPU
		{B8925EE8-8872-282A-04F0-CCB29693385A}.Debug|Any CPU.ActiveCfg = Debug|Any CPU
		{B8925EE8-8872-282A-04F0-CCB29693385A}.Debug|Any CPU.Build.0 = Debug|Any CPU
		{B8925EE8-8872-282A-04F0-CCB29693385A}.Release|Any CPU.ActiveCfg = Release|Any CPU
		{B8925EE8-8872-282A-04F0-CCB29693385A}.Release|Any CPU.Build.0 = Release|Any CPU
	EndGlobalSection
	GlobalSection(SolutionProperties) = preSolution
		HideSolutionNode = FALSE
	EndGlobalSection
	GlobalSection(MonoDevelopProperties) = preSolution
		StartupItem = Assembly-CSharp.csproj
	EndGlobalSection
EndGlobal
